{
  "requires": true,
  "lockfileVersion": 1,
  "dependencies": {
    "primeng": {
      "version": "5.2.4",
      "resolved": "https://registry.npmjs.org/primeng/-/primeng-5.2.4.tgz",
      "integrity": "sha512-Z/0YIyTwwKftMcblMnzpMvnwgLmx8q59C+9E72aV2nZJ98LaqkzlgE0Gwyz5w1DqiEpq/AUcnIYi7Gid54BO5w=="
    }
  }
}
